
Microsoft Visual Studio Solution File, Format Version 12.00
# Visual Studio 14
VisualStudioVersion = 14.0.23107.0
MinimumVisualStudioVersion = 10.0.40219.1
Project("{FAE04EC0-301F-11D3-BF4B-00C04F79EFBC}") = "Pancas", "src\Pancas.csproj", "{04269025-76EC-4D44-AC39-6E0BB21CB0CE}"
EndProject
Project("{FAE04EC0-301F-11D3-BF4B-00C04F79EFBC}") = "Tests", "Tests\Tests.csproj", "{7E125B64-55B9-48F0-BCFC-9156110C53C8}"
EndProject
Project("{FAE04EC0-301F-11D3-BF4B-00C04F79EFBC}") = "1. plot", "examples\1. plot\1. plot.csproj", "{FE7CBA42-FC53-41BC-A8BF-581FAAFA762B}"
EndProject
Project("{2150E333-8FDC-42A3-9474-1A3956D46DE8}") = "examples", "examples", "{1B11A78A-0750-4F9E-8913-BE768801AB60}"
EndProject
Project("{FAE04EC0-301F-11D3-BF4B-00C04F79EFBC}") = "3. plot share price", "examples\3. plot share price\3. plot share price.csproj", "{08C730CD-325C-4E2F-8C68-912422283B5D}"
EndProject
Project("{FAE04EC0-301F-11D3-BF4B-00C04F79EFBC}") = "2. plot - with dates", "examples\2. plot - with dates\2. plot - with dates.csproj", "{C70BB265-C29A-4BBC-A976-61745AB46EA1}"
EndProject
Global
	GlobalSection(SolutionConfigurationPlatforms) = preSolution
		Debug|Any CPU = Debug|Any CPU
		Release|Any CPU = Release|Any CPU
	EndGlobalSection
	GlobalSection(ProjectConfigurationPlatforms) = postSolution
		{04269025-76EC-4D44-AC39-6E0BB21CB0CE}.Debug|Any CPU.ActiveCfg = Debug|Any CPU
		{04269025-76EC-4D44-AC39-6E0BB21CB0CE}.Debug|Any CPU.Build.0 = Debug|Any CPU
		{04269025-76EC-4D44-AC39-6E0BB21CB0CE}.Release|Any CPU.ActiveCfg = Release|Any CPU
		{04269025-76EC-4D44-AC39-6E0BB21CB0CE}.Release|Any CPU.Build.0 = Release|Any CPU
		{7E125B64-55B9-48F0-BCFC-9156110C53C8}.Debug|Any CPU.ActiveCfg = Debug|Any CPU
		{7E125B64-55B9-48F0-BCFC-9156110C53C8}.Debug|Any CPU.Build.0 = Debug|Any CPU
		{7E125B64-55B9-48F0-BCFC-9156110C53C8}.Release|Any CPU.ActiveCfg = Release|Any CPU
		{7E125B64-55B9-48F0-BCFC-9156110C53C8}.Release|Any CPU.Build.0 = Release|Any CPU
		{FE7CBA42-FC53-41BC-A8BF-581FAAFA762B}.Debug|Any CPU.ActiveCfg = Debug|Any CPU
		{FE7CBA42-FC53-41BC-A8BF-581FAAFA762B}.Debug|Any CPU.Build.0 = Debug|Any CPU
		{FE7CBA42-FC53-41BC-A8BF-581FAAFA762B}.Release|Any CPU.ActiveCfg = Release|Any CPU
		{FE7CBA42-FC53-41BC-A8BF-581FAAFA762B}.Release|Any CPU.Build.0 = Release|Any CPU
		{08C730CD-325C-4E2F-8C68-912422283B5D}.Debug|Any CPU.ActiveCfg = Debug|Any CPU
		{08C730CD-325C-4E2F-8C68-912422283B5D}.Debug|Any CPU.Build.0 = Debug|Any CPU
		{08C730CD-325C-4E2F-8C68-912422283B5D}.Release|Any CPU.ActiveCfg = Release|Any CPU
		{08C730CD-325C-4E2F-8C68-912422283B5D}.Release|Any CPU.Build.0 = Release|Any CPU
		{C70BB265-C29A-4BBC-A976-61745AB46EA1}.Debug|Any CPU.ActiveCfg = Debug|Any CPU
		{C70BB265-C29A-4BBC-A976-61745AB46EA1}.Debug|Any CPU.Build.0 = Debug|Any CPU
		{C70BB265-C29A-4BBC-A976-61745AB46EA1}.Release|Any CPU.ActiveCfg = Release|Any CPU
		{C70BB265-C29A-4BBC-A976-61745AB46EA1}.Release|Any CPU.Build.0 = Release|Any CPU
	EndGlobalSection
	GlobalSection(SolutionProperties) = preSolution
		HideSolutionNode = FALSE
	EndGlobalSection
	GlobalSection(NestedProjects) = preSolution
		{FE7CBA42-FC53-41BC-A8BF-581FAAFA762B} = {1B11A78A-0750-4F9E-8913-BE768801AB60}
		{08C730CD-325C-4E2F-8C68-912422283B5D} = {1B11A78A-0750-4F9E-8913-BE768801AB60}
		{C70BB265-C29A-4BBC-A976-61745AB46EA1} = {1B11A78A-0750-4F9E-8913-BE768801AB60}
	EndGlobalSection
EndGlobal
